
Microsoft Visual Studio Solution File, Format Version 12.00
# Visual Studio Version 17
VisualStudioVersion = 17.5.002.0
MinimumVisualStudioVersion = 10.0.40219.1
Project("{9A19103F-16F7-4668-BE54-9A1E7A4F7556}") = "api", "api\api.csproj", "{7D2716E1-E0A6-414D-B3FA-18287DEDCB03}"
EndProject
Global
	GlobalSection(SolutionConfigurationPlatforms) = preSolution
		Debug|Any CPU = Debug|Any CPU
		Release|Any CPU = Release|Any CPU
	EndGlobalSection
	GlobalSection(ProjectConfigurationPlatforms) = postSolution
		{7D2716E1-E0A6-414D-B3FA-18287DEDCB03}.Debug|Any CPU.ActiveCfg = Debug|Any CPU
		{7D2716E1-E0A6-414D-B3FA-18287DEDCB03}.Debug|Any CPU.Build.0 = Debug|Any CPU
		{7D2716E1-E0A6-414D-B3FA-18287DEDCB03}.Release|Any CPU.ActiveCfg = Release|Any CPU
		{7D2716E1-E0A6-414D-B3FA-18287DEDCB03}.Release|Any CPU.Build.0 = Release|Any CPU
	EndGlobalSection
	GlobalSection(SolutionProperties) = preSolution
		HideSolutionNode = FALSE
	EndGlobalSection
	GlobalSection(ExtensibilityGlobals) = postSolution
		SolutionGuid = {E9332387-4918-4437-82F3-3A451AD91014}
	EndGlobalSection
EndGlobal
